
Microsoft Visual Studio Solution File, Format Version 12.00
# Visual Studio Version 16
VisualStudioVersion = 16.0.30413.136
MinimumVisualStudioVersion = 10.0.40219.1
Project("{FAE04EC0-301F-11D3-BF4B-00C04F79EFBC}") = "Shape File Clipper", "Shape File Clipper\Shape File Clipper.csproj", "{AFF6A174-ACDE-4B7A-BFBD-3C6E21EF81D3}"
EndProject
Project("{2150E333-8FDC-42A3-9474-1A3956D46DE8}") = "Solution Items", "Solution Items", "{A1DE1873-ABF6-45DC-BAF4-4621E13B26A7}"
	ProjectSection(SolutionItems) = preProject
		.editorconfig = .editorconfig
		Readme.md = Readme.md
		Screenshot.png = Screenshot.png
	EndProjectSection
EndProject
Project("{2150E333-8FDC-42A3-9474-1A3956D46DE8}") = "Misc", "Misc", "{0D366992-5F6C-46E6-8CB6-721E3048D2BA}"
	ProjectSection(SolutionItems) = preProject
		Screenshot.png = Screenshot.png
	EndProjectSection
EndProject
Global
	GlobalSection(SolutionConfigurationPlatforms) = preSolution
		Debug|Any CPU = Debug|Any CPU
		Release|Any CPU = Release|Any CPU
	EndGlobalSection
	GlobalSection(ProjectConfigurationPlatforms) = postSolution
		{AFF6A174-ACDE-4B7A-BFBD-3C6E21EF81D3}.Debug|Any CPU.ActiveCfg = Debug|Any CPU
		{AFF6A174-ACDE-4B7A-BFBD-3C6E21EF81D3}.Debug|Any CPU.Build.0 = Debug|Any CPU
		{AFF6A174-ACDE-4B7A-BFBD-3C6E21EF81D3}.Release|Any CPU.ActiveCfg = Release|Any CPU
		{AFF6A174-ACDE-4B7A-BFBD-3C6E21EF81D3}.Release|Any CPU.Build.0 = Release|Any CPU
	EndGlobalSection
	GlobalSection(SolutionProperties) = preSolution
		HideSolutionNode = FALSE
	EndGlobalSection
	GlobalSection(NestedProjects) = preSolution
		{0D366992-5F6C-46E6-8CB6-721E3048D2BA} = {A1DE1873-ABF6-45DC-BAF4-4621E13B26A7}
	EndGlobalSection
	GlobalSection(ExtensibilityGlobals) = postSolution
		SolutionGuid = {68512259-408E-4C29-9432-0AC0D3E1172C}
	EndGlobalSection
EndGlobal
